Microsoft Visual Studio Solution File, Format Version 12.00
# Visual Studio Version 17
VisualStudioVersion = 17.7.34221.43
MinimumVisualStudioVersion = 10.0.40219.1
Project("{FAE04EC0-301F-11D3-BF4B-00C04F79EFBC}") = "proxifyre-ui", "proxifyre-ui.csproj", "{9998820F-8CA7-41DE-96E3-4036219C946B}"
EndProject
Global
	GlobalSection(SolutionConfigurationPlatforms) = preSolution
		Debug|Any CPU = Debug|Any CPU
		Release|Any CPU = Release|Any CPU
	EndGlobalSection
	GlobalSection(ProjectConfigurationPlatforms) = postSolution
		{9998820F-8CA7-41DE-96E3-4036219C946B}.Debug|Any CPU.ActiveCfg = Debug|Any CPU
		{9998820F-8CA7-41DE-96E3-4036219C946B}.Debug|Any CPU.Build.0 = Debug|Any CPU
		{9998820F-8CA7-41DE-96E3-4036219C946B}.Release|Any CPU.ActiveCfg = Release|Any CPU
		{9998820F-8CA7-41DE-96E3-4036219C946B}.Release|Any CPU.Build.0 = Release|Any CPU
	EndGlobalSection
	GlobalSection(SolutionProperties) = preSolution
		HideSolutionNode = FALSE
	EndGlobalSection
	GlobalSection(ExtensibilityGlobals) = postSolution
		SolutionGuid = {18881E92-BB4B-4F41-89BE-B1B3DF86CE9A}
	EndGlobalSection
EndGlobal
